{
  "requires": true,
  "lockfileVersion": 1,
  "dependencies": {
    "chartist": {
      "version": "0.11.4",
      "resolved": "https://registry.npmjs.org/chartist/-/chartist-0.11.4.tgz",
      "integrity": "sha512-H4AimxaUD738/u9Mq8t27J4lh6STsLi4BQHt65nOtpLk3xyrBPaLiLMrHw7/WV9CmsjGA02WihjuL5qpSagLYw=="
    },
    "font-awesome": {
      "version": "4.7.0",
      "resolved": "https://registry.npmjs.org/font-awesome/-/font-awesome-4.7.0.tgz",
      "integrity": "sha1-j6jPBBGhoxr9B7BtKQK7n8gVoTM="
    },
    "jquery": {
      "version": "3.5.1",
      "resolved": "https://registry.npmjs.org/jquery/-/jquery-3.5.1.tgz",
      "integrity": "sha512-XwIBPqcMn57FxfT+Go5pzySnm4KWkT1Tv7gjrpT1srtf8Weynl6R273VJ5GjkRb51IzMp5nbaPjJXMWeju2MKg=="
    },
    "jquery-xframe": {
      "version": "1.2.0",
      "resolved": "https://registry.npmjs.org/jquery-xframe/-/jquery-xframe-1.2.0.tgz",
      "integrity": "sha512-3C0GnUAv+AVsVolor3MMdB3uCRPHwVdtjSjv6PU1e6shybM5S6m3uB0b+22rQMS+jBTMotLELH8T+AXHGyAc/w==",
      "requires": {
        "jquery": ">=1.4.1"
      }
    }
  }
}
